
Microsoft Visual Studio Solution File, Format Version 12.00
# Visual Studio 15
VisualStudioVersion = 15.0.26124.0
MinimumVisualStudioVersion = 15.0.26124.0
Project("{FAE04EC0-301F-11D3-BF4B-00C04F79EFBC}") = "YourOrderPlease", "YourOrderPlease\YourOrderPlease.csproj", "{E44C13DE-9686-4534-A99F-1C4AADB708FF}"
EndProject
Project("{FAE04EC0-301F-11D3-BF4B-00C04F79EFBC}") = "Tests", "Tests\Tests.csproj", "{FD169EDA-377F-41A8-A1B8-FAD381C917A8}"
EndProject
Project("{FAE04EC0-301F-11D3-BF4B-00C04F79EFBC}") = "SimpleAssembler", "SimpleAssembler\SimpleAssembler.csproj", "{E2817274-C7B5-4BFB-8660-88381C787F4A}"
EndProject
Project("{FAE04EC0-301F-11D3-BF4B-00C04F79EFBC}") = "ZeroToEnd", "ZeroToEnd\ZeroToEnd.csproj", "{0B968052-5F57-44DD-ACE0-E0B2F6E32D43}"
EndProject
Project("{FAE04EC0-301F-11D3-BF4B-00C04F79EFBC}") = "DetectPangram", "DetectPangram\DetectPangram.csproj", "{A545EAF1-7A04-46DC-B907-102B14E66AF9}"
EndProject
Project("{FAE04EC0-301F-11D3-BF4B-00C04F79EFBC}") = "NonRepeatingChar", "NonRepeatingChar\NonRepeatingChar.csproj", "{065D6FD9-444C-4601-BAD6-CED4AB6BDCF7}"
EndProject
Project("{FAE04EC0-301F-11D3-BF4B-00C04F79EFBC}") = "BigNumber", "BigNumber\BigNumber.csproj", "{3544A430-BCBA-41A6-BFE1-F3555AEBBF68}"
EndProject
Project("{FAE04EC0-301F-11D3-BF4B-00C04F79EFBC}") = "GetTheLoop", "GetTheLoop\GetTheLoop.csproj", "{42171018-0DA5-4E7F-BAF4-9B0611E5772D}"
EndProject
Project("{FAE04EC0-301F-11D3-BF4B-00C04F79EFBC}") = "MessageAliens", "MessageAliens\MessageAliens.csproj", "{5ACA8018-1E8D-4588-9889-632D5E4048C8}"
EndProject
Project("{FAE04EC0-301F-11D3-BF4B-00C04F79EFBC}") = "Rot13", "Rot13\Rot13.csproj", "{53058E64-B293-4790-B364-AB0DAD853731}"
EndProject
Project("{FAE04EC0-301F-11D3-BF4B-00C04F79EFBC}") = "SnailSort", "SnailSort\SnailSort.csproj", "{46BCC113-E26A-4AB9-B172-E4F974619A17}"
EndProject
Global
	GlobalSection(SolutionConfigurationPlatforms) = preSolution
		Debug|Any CPU = Debug|Any CPU
		Debug|x64 = Debug|x64
		Debug|x86 = Debug|x86
		Release|Any CPU = Release|Any CPU
		Release|x64 = Release|x64
		Release|x86 = Release|x86
	EndGlobalSection
	GlobalSection(SolutionProperties) = preSolution
		HideSolutionNode = FALSE
	EndGlobalSection
	GlobalSection(ProjectConfigurationPlatforms) = postSolution
		{E44C13DE-9686-4534-A99F-1C4AADB708FF}.Debug|Any CPU.ActiveCfg = Debug|Any CPU
		{E44C13DE-9686-4534-A99F-1C4AADB708FF}.Debug|Any CPU.Build.0 = Debug|Any CPU
		{E44C13DE-9686-4534-A99F-1C4AADB708FF}.Debug|x64.ActiveCfg = Debug|Any CPU
		{E44C13DE-9686-4534-A99F-1C4AADB708FF}.Debug|x64.Build.0 = Debug|Any CPU
		{E44C13DE-9686-4534-A99F-1C4AADB708FF}.Debug|x86.ActiveCfg = Debug|Any CPU
		{E44C13DE-9686-4534-A99F-1C4AADB708FF}.Debug|x86.Build.0 = Debug|Any CPU
		{E44C13DE-9686-4534-A99F-1C4AADB708FF}.Release|Any CPU.ActiveCfg = Release|Any CPU
		{E44C13DE-9686-4534-A99F-1C4AADB708FF}.Release|Any CPU.Build.0 = Release|Any CPU
		{E44C13DE-9686-4534-A99F-1C4AADB708FF}.Release|x64.ActiveCfg = Release|Any CPU
		{E44C13DE-9686-4534-A99F-1C4AADB708FF}.Release|x64.Build.0 = Release|Any CPU
		{E44C13DE-9686-4534-A99F-1C4AADB708FF}.Release|x86.ActiveCfg = Release|Any CPU
		{E44C13DE-9686-4534-A99F-1C4AADB708FF}.Release|x86.Build.0 = Release|Any CPU
		{FD169EDA-377F-41A8-A1B8-FAD381C917A8}.Debug|Any CPU.ActiveCfg = Debug|Any CPU
		{FD169EDA-377F-41A8-A1B8-FAD381C917A8}.Debug|Any CPU.Build.0 = Debug|Any CPU
		{FD169EDA-377F-41A8-A1B8-FAD381C917A8}.Debug|x64.ActiveCfg = Debug|Any CPU
		{FD169EDA-377F-41A8-A1B8-FAD381C917A8}.Debug|x64.Build.0 = Debug|Any CPU
		{FD169EDA-377F-41A8-A1B8-FAD381C917A8}.Debug|x86.ActiveCfg = Debug|Any CPU
		{FD169EDA-377F-41A8-A1B8-FAD381C917A8}.Debug|x86.Build.0 = Debug|Any CPU
		{FD169EDA-377F-41A8-A1B8-FAD381C917A8}.Release|Any CPU.ActiveCfg = Release|Any CPU
		{FD169EDA-377F-41A8-A1B8-FAD381C917A8}.Release|Any CPU.Build.0 = Release|Any CPU
		{FD169EDA-377F-41A8-A1B8-FAD381C917A8}.Release|x64.ActiveCfg = Release|Any CPU
		{FD169EDA-377F-41A8-A1B8-FAD381C917A8}.Release|x64.Build.0 = Release|Any CPU
		{FD169EDA-377F-41A8-A1B8-FAD381C917A8}.Release|x86.ActiveCfg = Release|Any CPU
		{FD169EDA-377F-41A8-A1B8-FAD381C917A8}.Release|x86.Build.0 = Release|Any CPU
		{E2817274-C7B5-4BFB-8660-88381C787F4A}.Debug|Any CPU.ActiveCfg = Debug|Any CPU
		{E2817274-C7B5-4BFB-8660-88381C787F4A}.Debug|Any CPU.Build.0 = Debug|Any CPU
		{E2817274-C7B5-4BFB-8660-88381C787F4A}.Debug|x64.ActiveCfg = Debug|Any CPU
		{E2817274-C7B5-4BFB-8660-88381C787F4A}.Debug|x64.Build.0 = Debug|Any CPU
		{E2817274-C7B5-4BFB-8660-88381C787F4A}.Debug|x86.ActiveCfg = Debug|Any CPU
		{E2817274-C7B5-4BFB-8660-88381C787F4A}.Debug|x86.Build.0 = Debug|Any CPU
		{E2817274-C7B5-4BFB-8660-88381C787F4A}.Release|Any CPU.ActiveCfg = Release|Any CPU
		{E2817274-C7B5-4BFB-8660-88381C787F4A}.Release|Any CPU.Build.0 = Release|Any CPU
		{E2817274-C7B5-4BFB-8660-88381C787F4A}.Release|x64.ActiveCfg = Release|Any CPU
		{E2817274-C7B5-4BFB-8660-88381C787F4A}.Release|x64.Build.0 = Release|Any CPU
		{E2817274-C7B5-4BFB-8660-88381C787F4A}.Release|x86.ActiveCfg = Release|Any CPU
		{E2817274-C7B5-4BFB-8660-88381C787F4A}.Release|x86.Build.0 = Release|Any CPU
		{0B968052-5F57-44DD-ACE0-E0B2F6E32D43}.Debug|Any CPU.ActiveCfg = Debug|Any CPU
		{0B968052-5F57-44DD-ACE0-E0B2F6E32D43}.Debug|Any CPU.Build.0 = Debug|Any CPU
		{0B968052-5F57-44DD-ACE0-E0B2F6E32D43}.Debug|x64.ActiveCfg = Debug|Any CPU
		{0B968052-5F57-44DD-ACE0-E0B2F6E32D43}.Debug|x64.Build.0 = Debug|Any CPU
		{0B968052-5F57-44DD-ACE0-E0B2F6E32D43}.Debug|x86.ActiveCfg = Debug|Any CPU
		{0B968052-5F57-44DD-ACE0-E0B2F6E32D43}.Debug|x86.Build.0 = Debug|Any CPU
		{0B968052-5F57-44DD-ACE0-E0B2F6E32D43}.Release|Any CPU.ActiveCfg = Release|Any CPU
		{0B968052-5F57-44DD-ACE0-E0B2F6E32D43}.Release|Any CPU.Build.0 = Release|Any CPU
		{0B968052-5F57-44DD-ACE0-E0B2F6E32D43}.Release|x64.ActiveCfg = Release|Any CPU
		{0B968052-5F57-44DD-ACE0-E0B2F6E32D43}.Release|x64.Build.0 = Release|Any CPU
		{0B968052-5F57-44DD-ACE0-E0B2F6E32D43}.Release|x86.ActiveCfg = Release|Any CPU
		{0B968052-5F57-44DD-ACE0-E0B2F6E32D43}.Release|x86.Build.0 = Release|Any CPU
		{A545EAF1-7A04-46DC-B907-102B14E66AF9}.Debug|Any CPU.ActiveCfg = Debug|Any CPU
		{A545EAF1-7A04-46DC-B907-102B14E66AF9}.Debug|Any CPU.Build.0 = Debug|Any CPU
		{A545EAF1-7A04-46DC-B907-102B14E66AF9}.Debug|x64.ActiveCfg = Debug|Any CPU
		{A545EAF1-7A04-46DC-B907-102B14E66AF9}.Debug|x64.Build.0 = Debug|Any CPU
		{A545EAF1-7A04-46DC-B907-102B14E66AF9}.Debug|x86.ActiveCfg = Debug|Any CPU
		{A545EAF1-7A04-46DC-B907-102B14E66AF9}.Debug|x86.Build.0 = Debug|Any CPU
		{A545EAF1-7A04-46DC-B907-102B14E66AF9}.Release|Any CPU.ActiveCfg = Release|Any CPU
		{A545EAF1-7A04-46DC-B907-102B14E66AF9}.Release|Any CPU.Build.0 = Release|Any CPU
		{A545EAF1-7A04-46DC-B907-102B14E66AF9}.Release|x64.ActiveCfg = Release|Any CPU
		{A545EAF1-7A04-46DC-B907-102B14E66AF9}.Release|x64.Build.0 = Release|Any CPU
		{A545EAF1-7A04-46DC-B907-102B14E66AF9}.Release|x86.ActiveCfg = Release|Any CPU
		{A545EAF1-7A04-46DC-B907-102B14E66AF9}.Release|x86.Build.0 = Release|Any CPU
		{065D6FD9-444C-4601-BAD6-CED4AB6BDCF7}.Debug|Any CPU.ActiveCfg = Debug|Any CPU
		{065D6FD9-444C-4601-BAD6-CED4AB6BDCF7}.Debug|Any CPU.Build.0 = Debug|Any CPU
		{065D6FD9-444C-4601-BAD6-CED4AB6BDCF7}.Debug|x64.ActiveCfg = Debug|Any CPU
		{065D6FD9-444C-4601-BAD6-CED4AB6BDCF7}.Debug|x64.Build.0 = Debug|Any CPU
		{065D6FD9-444C-4601-BAD6-CED4AB6BDCF7}.Debug|x86.ActiveCfg = Debug|Any CPU
		{065D6FD9-444C-4601-BAD6-CED4AB6BDCF7}.Debug|x86.Build.0 = Debug|Any CPU
		{065D6FD9-444C-4601-BAD6-CED4AB6BDCF7}.Release|Any CPU.ActiveCfg = Release|Any CPU
		{065D6FD9-444C-4601-BAD6-CED4AB6BDCF7}.Release|Any CPU.Build.0 = Release|Any CPU
		{065D6FD9-444C-4601-BAD6-CED4AB6BDCF7}.Release|x64.ActiveCfg = Release|Any CPU
		{065D6FD9-444C-4601-BAD6-CED4AB6BDCF7}.Release|x64.Build.0 = Release|Any CPU
		{065D6FD9-444C-4601-BAD6-CED4AB6BDCF7}.Release|x86.ActiveCfg = Release|Any CPU
		{065D6FD9-444C-4601-BAD6-CED4AB6BDCF7}.Release|x86.Build.0 = Release|Any CPU
		{3544A430-BCBA-41A6-BFE1-F3555AEBBF68}.Debug|Any CPU.ActiveCfg = Debug|Any CPU
		{3544A430-BCBA-41A6-BFE1-F3555AEBBF68}.Debug|Any CPU.Build.0 = Debug|Any CPU
		{3544A430-BCBA-41A6-BFE1-F3555AEBBF68}.Debug|x64.ActiveCfg = Debug|Any CPU
		{3544A430-BCBA-41A6-BFE1-F3555AEBBF68}.Debug|x64.Build.0 = Debug|Any CPU
		{3544A430-BCBA-41A6-BFE1-F3555AEBBF68}.Debug|x86.ActiveCfg = Debug|Any CPU
		{3544A430-BCBA-41A6-BFE1-F3555AEBBF68}.Debug|x86.Build.0 = Debug|Any CPU
		{3544A430-BCBA-41A6-BFE1-F3555AEBBF68}.Release|Any CPU.ActiveCfg = Release|Any CPU
		{3544A430-BCBA-41A6-BFE1-F3555AEBBF68}.Release|Any CPU.Build.0 = Release|Any CPU
		{3544A430-BCBA-41A6-BFE1-F3555AEBBF68}.Release|x64.ActiveCfg = Release|Any CPU
		{3544A430-BCBA-41A6-BFE1-F3555AEBBF68}.Release|x64.Build.0 = Release|Any CPU
		{3544A430-BCBA-41A6-BFE1-F3555AEBBF68}.Release|x86.ActiveCfg = Release|Any CPU
		{3544A430-BCBA-41A6-BFE1-F3555AEBBF68}.Release|x86.Build.0 = Release|Any CPU
		{42171018-0DA5-4E7F-BAF4-9B0611E5772D}.Debug|Any CPU.ActiveCfg = Debug|Any CPU
		{42171018-0DA5-4E7F-BAF4-9B0611E5772D}.Debug|Any CPU.Build.0 = Debug|Any CPU
		{42171018-0DA5-4E7F-BAF4-9B0611E5772D}.Debug|x64.ActiveCfg = Debug|Any CPU
		{42171018-0DA5-4E7F-BAF4-9B0611E5772D}.Debug|x64.Build.0 = Debug|Any CPU
		{42171018-0DA5-4E7F-BAF4-9B0611E5772D}.Debug|x86.ActiveCfg = Debug|Any CPU
		{42171018-0DA5-4E7F-BAF4-9B0611E5772D}.Debug|x86.Build.0 = Debug|Any CPU
		{42171018-0DA5-4E7F-BAF4-9B0611E5772D}.Release|Any CPU.ActiveCfg = Release|Any CPU
		{42171018-0DA5-4E7F-BAF4-9B0611E5772D}.Release|Any CPU.Build.0 = Release|Any CPU
		{42171018-0DA5-4E7F-BAF4-9B0611E5772D}.Release|x64.ActiveCfg = Release|Any CPU
		{42171018-0DA5-4E7F-BAF4-9B0611E5772D}.Release|x64.Build.0 = Release|Any CPU
		{42171018-0DA5-4E7F-BAF4-9B0611E5772D}.Release|x86.ActiveCfg = Release|Any CPU
		{42171018-0DA5-4E7F-BAF4-9B0611E5772D}.Release|x86.Build.0 = Release|Any CPU
		{5ACA8018-1E8D-4588-9889-632D5E4048C8}.Debug|Any CPU.ActiveCfg = Debug|Any CPU
		{5ACA8018-1E8D-4588-9889-632D5E4048C8}.Debug|Any CPU.Build.0 = Debug|Any CPU
		{5ACA8018-1E8D-4588-9889-632D5E4048C8}.Debug|x64.ActiveCfg = Debug|Any CPU
		{5ACA8018-1E8D-4588-9889-632D5E4048C8}.Debug|x64.Build.0 = Debug|Any CPU
		{5ACA8018-1E8D-4588-9889-632D5E4048C8}.Debug|x86.ActiveCfg = Debug|Any CPU
		{5ACA8018-1E8D-4588-9889-632D5E4048C8}.Debug|x86.Build.0 = Debug|Any CPU
		{5ACA8018-1E8D-4588-9889-632D5E4048C8}.Release|Any CPU.ActiveCfg = Release|Any CPU
		{5ACA8018-1E8D-4588-9889-632D5E4048C8}.Release|Any CPU.Build.0 = Release|Any CPU
		{5ACA8018-1E8D-4588-9889-632D5E4048C8}.Release|x64.ActiveCfg = Release|Any CPU
		{5ACA8018-1E8D-4588-9889-632D5E4048C8}.Release|x64.Build.0 = Release|Any CPU
		{5ACA8018-1E8D-4588-9889-632D5E4048C8}.Release|x86.ActiveCfg = Release|Any CPU
		{5ACA8018-1E8D-4588-9889-632D5E4048C8}.Release|x86.Build.0 = Release|Any CPU
		{53058E64-B293-4790-B364-AB0DAD853731}.Debug|Any CPU.ActiveCfg = Debug|Any CPU
		{53058E64-B293-4790-B364-AB0DAD853731}.Debug|Any CPU.Build.0 = Debug|Any CPU
		{53058E64-B293-4790-B364-AB0DAD853731}.Debug|x64.ActiveCfg = Debug|Any CPU
		{53058E64-B293-4790-B364-AB0DAD853731}.Debug|x64.Build.0 = Debug|Any CPU
		{53058E64-B293-4790-B364-AB0DAD853731}.Debug|x86.ActiveCfg = Debug|Any CPU
		{53058E64-B293-4790-B364-AB0DAD853731}.Debug|x86.Build.0 = Debug|Any CPU
		{53058E64-B293-4790-B364-AB0DAD853731}.Release|Any CPU.ActiveCfg = Release|Any CPU
		{53058E64-B293-4790-B364-AB0DAD853731}.Release|Any CPU.Build.0 = Release|Any CPU
		{53058E64-B293-4790-B364-AB0DAD853731}.Release|x64.ActiveCfg = Release|Any CPU
		{53058E64-B293-4790-B364-AB0DAD853731}.Release|x64.Build.0 = Release|Any CPU
		{53058E64-B293-4790-B364-AB0DAD853731}.Release|x86.ActiveCfg = Release|Any CPU
		{53058E64-B293-4790-B364-AB0DAD853731}.Release|x86.Build.0 = Release|Any CPU
		{46BCC113-E26A-4AB9-B172-E4F974619A17}.Debug|Any CPU.ActiveCfg = Debug|Any CPU
		{46BCC113-E26A-4AB9-B172-E4F974619A17}.Debug|Any CPU.Build.0 = Debug|Any CPU
		{46BCC113-E26A-4AB9-B172-E4F974619A17}.Debug|x64.ActiveCfg = Debug|Any CPU
		{46BCC113-E26A-4AB9-B172-E4F974619A17}.Debug|x64.Build.0 = Debug|Any CPU
		{46BCC113-E26A-4AB9-B172-E4F974619A17}.Debug|x86.ActiveCfg = Debug|Any CPU
		{46BCC113-E26A-4AB9-B172-E4F974619A17}.Debug|x86.Build.0 = Debug|Any CPU
		{46BCC113-E26A-4AB9-B172-E4F974619A17}.Release|Any CPU.ActiveCfg = Release|Any CPU
		{46BCC113-E26A-4AB9-B172-E4F974619A17}.Release|Any CPU.Build.0 = Release|Any CPU
		{46BCC113-E26A-4AB9-B172-E4F974619A17}.Release|x64.ActiveCfg = Release|Any CPU
		{46BCC113-E26A-4AB9-B172-E4F974619A17}.Release|x64.Build.0 = Release|Any CPU
		{46BCC113-E26A-4AB9-B172-E4F974619A17}.Release|x86.ActiveCfg = Release|Any CPU
		{46BCC113-E26A-4AB9-B172-E4F974619A17}.Release|x86.Build.0 = Release|Any CPU
	EndGlobalSection
EndGlobal
