
Microsoft Visual Studio Solution File, Format Version 12.00
# Visual Studio 15
VisualStudioVersion = 15.0.26124.0
MinimumVisualStudioVersion = 15.0.26124.0
Project("{FAE04EC0-301F-11D3-BF4B-00C04F79EFBC}") = "YourOrderPlease", "YourOrderPlease\YourOrderPlease.csproj", "{E44C13DE-9686-4534-A99F-1C4AADB708FF}"
EndProject
Project("{FAE04EC0-301F-11D3-BF4B-00C04F79EFBC}") = "Tests", "Tests\Tests.csproj", "{FD169EDA-377F-41A8-A1B8-FAD381C917A8}"
EndProject
Project("{FAE04EC0-301F-11D3-BF4B-00C04F79EFBC}") = "SimpleAssembler", "SimpleAssembler\SimpleAssembler.csproj", "{E2817274-C7B5-4BFB-8660-88381C787F4A}"
EndProject
Global
	GlobalSection(SolutionConfigurationPlatforms) = preSolution
		Debug|Any CPU = Debug|Any CPU
		Debug|x64 = Debug|x64
		Debug|x86 = Debug|x86
		Release|Any CPU = Release|Any CPU
		Release|x64 = Release|x64
		Release|x86 = Release|x86
	EndGlobalSection
	GlobalSection(SolutionProperties) = preSolution
		HideSolutionNode = FALSE
	EndGlobalSection
	GlobalSection(ProjectConfigurationPlatforms) = postSolution
		{E44C13DE-9686-4534-A99F-1C4AADB708FF}.Debug|Any CPU.ActiveCfg = Debug|Any CPU
		{E44C13DE-9686-4534-A99F-1C4AADB708FF}.Debug|Any CPU.Build.0 = Debug|Any CPU
		{E44C13DE-9686-4534-A99F-1C4AADB708FF}.Debug|x64.ActiveCfg = Debug|Any CPU
		{E44C13DE-9686-4534-A99F-1C4AADB708FF}.Debug|x64.Build.0 = Debug|Any CPU
		{E44C13DE-9686-4534-A99F-1C4AADB708FF}.Debug|x86.ActiveCfg = Debug|Any CPU
		{E44C13DE-9686-4534-A99F-1C4AADB708FF}.Debug|x86.Build.0 = Debug|Any CPU
		{E44C13DE-9686-4534-A99F-1C4AADB708FF}.Release|Any CPU.ActiveCfg = Release|Any CPU
		{E44C13DE-9686-4534-A99F-1C4AADB708FF}.Release|Any CPU.Build.0 = Release|Any CPU
		{E44C13DE-9686-4534-A99F-1C4AADB708FF}.Release|x64.ActiveCfg = Release|Any CPU
		{E44C13DE-9686-4534-A99F-1C4AADB708FF}.Release|x64.Build.0 = Release|Any CPU
		{E44C13DE-9686-4534-A99F-1C4AADB708FF}.Release|x86.ActiveCfg = Release|Any CPU
		{E44C13DE-9686-4534-A99F-1C4AADB708FF}.Release|x86.Build.0 = Release|Any CPU
		{FD169EDA-377F-41A8-A1B8-FAD381C917A8}.Debug|Any CPU.ActiveCfg = Debug|Any CPU
		{FD169EDA-377F-41A8-A1B8-FAD381C917A8}.Debug|Any CPU.Build.0 = Debug|Any CPU
		{FD169EDA-377F-41A8-A1B8-FAD381C917A8}.Debug|x64.ActiveCfg = Debug|Any CPU
		{FD169EDA-377F-41A8-A1B8-FAD381C917A8}.Debug|x64.Build.0 = Debug|Any CPU
		{FD169EDA-377F-41A8-A1B8-FAD381C917A8}.Debug|x86.ActiveCfg = Debug|Any CPU
		{FD169EDA-377F-41A8-A1B8-FAD381C917A8}.Debug|x86.Build.0 = Debug|Any CPU
		{FD169EDA-377F-41A8-A1B8-FAD381C917A8}.Release|Any CPU.ActiveCfg = Release|Any CPU
		{FD169EDA-377F-41A8-A1B8-FAD381C917A8}.Release|Any CPU.Build.0 = Release|Any CPU
		{FD169EDA-377F-41A8-A1B8-FAD381C917A8}.Release|x64.ActiveCfg = Release|Any CPU
		{FD169EDA-377F-41A8-A1B8-FAD381C917A8}.Release|x64.Build.0 = Release|Any CPU
		{FD169EDA-377F-41A8-A1B8-FAD381C917A8}.Release|x86.ActiveCfg = Release|Any CPU
		{FD169EDA-377F-41A8-A1B8-FAD381C917A8}.Release|x86.Build.0 = Release|Any CPU
		{E2817274-C7B5-4BFB-8660-88381C787F4A}.Debug|Any CPU.ActiveCfg = Debug|Any CPU
		{E2817274-C7B5-4BFB-8660-88381C787F4A}.Debug|Any CPU.Build.0 = Debug|Any CPU
		{E2817274-C7B5-4BFB-8660-88381C787F4A}.Debug|x64.ActiveCfg = Debug|Any CPU
		{E2817274-C7B5-4BFB-8660-88381C787F4A}.Debug|x64.Build.0 = Debug|Any CPU
		{E2817274-C7B5-4BFB-8660-88381C787F4A}.Debug|x86.ActiveCfg = Debug|Any CPU
		{E2817274-C7B5-4BFB-8660-88381C787F4A}.Debug|x86.Build.0 = Debug|Any CPU
		{E2817274-C7B5-4BFB-8660-88381C787F4A}.Release|Any CPU.ActiveCfg = Release|Any CPU
		{E2817274-C7B5-4BFB-8660-88381C787F4A}.Release|Any CPU.Build.0 = Release|Any CPU
		{E2817274-C7B5-4BFB-8660-88381C787F4A}.Release|x64.ActiveCfg = Release|Any CPU
		{E2817274-C7B5-4BFB-8660-88381C787F4A}.Release|x64.Build.0 = Release|Any CPU
		{E2817274-C7B5-4BFB-8660-88381C787F4A}.Release|x86.ActiveCfg = Release|Any CPU
		{E2817274-C7B5-4BFB-8660-88381C787F4A}.Release|x86.Build.0 = Release|Any CPU
	EndGlobalSection
EndGlobal
